Microsoft Visual Studio Solution File, Format Version 12.00
# Visual Studio Version 17
VisualStudioVersion = 17.5.2.0
MinimumVisualStudioVersion = 10.0.40219.1
Project("{FAE04EC0-301F-11D3-BF4B-00C04F79EFBC}") = "Zone1295", "Zone1295.csproj", "{68B586DA-27A8-9121-9D3A-AEBFAE41ABAC}"
EndProject
Global
	GlobalSection(SolutionConfigurationPlatforms) = preSolution
		Debug|Any CPU = Debug|Any CPU
		Release|Any CPU = Release|Any CPU
	EndGlobalSection
	GlobalSection(ProjectConfigurationPlatforms) = postSolution
		{68B586DA-27A8-9121-9D3A-AEBFAE41ABAC}.Debug|Any CPU.ActiveCfg = Debug|Any CPU
		{68B586DA-27A8-9121-9D3A-AEBFAE41ABAC}.Debug|Any CPU.Build.0 = Debug|Any CPU
		{68B586DA-27A8-9121-9D3A-AEBFAE41ABAC}.Release|Any CPU.ActiveCfg = Release|Any CPU
		{68B586DA-27A8-9121-9D3A-AEBFAE41ABAC}.Release|Any CPU.Build.0 = Release|Any CPU
	EndGlobalSection
	GlobalSection(SolutionProperties) = preSolution
		HideSolutionNode = FALSE
	EndGlobalSection
	GlobalSection(ExtensibilityGlobals) = postSolution
		SolutionGuid = {09EE54FA-89D5-4E4A-BF71-2B69F01C6DF7}
	EndGlobalSection
EndGlobal
